
Microsoft Visual Studio Solution File, Format Version 12.00
# Visual Studio Version 16
VisualStudioVersion = 16.0.32126.315
MinimumVisualStudioVersion = 10.0.40219.1
Project("{9A19103F-16F7-4668-BE54-9A1E7A4F7556}") = "WebApplication1", "WebApplication1\WebApplication1.csproj", "{685638B2-4AFE-4118-9414-395A7E0ED5B6}"
EndProject
Project("{FAE04EC0-301F-11D3-BF4B-00C04F79EFBC}") = "ClassLibrary1", "ClassLibrary1\ClassLibrary1.csproj", "{9FE8235E-C556-4621-A839-E2F98FA45BAE}"
EndProject
Global
	GlobalSection(SolutionConfigurationPlatforms) = preSolution
		Debug|Any CPU = Debug|Any CPU
		Release|Any CPU = Release|Any CPU
	EndGlobalSection
	GlobalSection(ProjectConfigurationPlatforms) = postSolution
		{685638B2-4AFE-4118-9414-395A7E0ED5B6}.Debug|Any CPU.ActiveCfg = Debug|Any CPU
		{685638B2-4AFE-4118-9414-395A7E0ED5B6}.Debug|Any CPU.Build.0 = Debug|Any CPU
		{685638B2-4AFE-4118-9414-395A7E0ED5B6}.Release|Any CPU.ActiveCfg = Release|Any CPU
		{685638B2-4AFE-4118-9414-395A7E0ED5B6}.Release|Any CPU.Build.0 = Release|Any CPU
		{9FE8235E-C556-4621-A839-E2F98FA45BAE}.Debug|Any CPU.ActiveCfg = Debug|Any CPU
		{9FE8235E-C556-4621-A839-E2F98FA45BAE}.Debug|Any CPU.Build.0 = Debug|Any CPU
		{9FE8235E-C556-4621-A839-E2F98FA45BAE}.Release|Any CPU.ActiveCfg = Release|Any CPU
		{9FE8235E-C556-4621-A839-E2F98FA45BAE}.Release|Any CPU.Build.0 = Release|Any CPU
	EndGlobalSection
	GlobalSection(SolutionProperties) = preSolution
		HideSolutionNode = FALSE
	EndGlobalSection
	GlobalSection(ExtensibilityGlobals) = postSolution
		SolutionGuid = {674888F2-5385-40CB-93E5-094DF3743D0C}
	EndGlobalSection
EndGlobal
